
Microsoft Visual Studio Solution File, Format Version 12.00
# Visual Studio 15
VisualStudioVersion = 15.0.28307.421
MinimumVisualStudioVersion = 10.0.40219.1
Project("{FAE04EC0-301F-11D3-BF4B-00C04F79EFBC}") = "TranslateApp", "WindowsFormsApp10\TranslateApp.csproj", "{9C059AF6-0A1E-4B90-9FCF-1AABE4C378FE}"
EndProject
Global
	GlobalSection(SolutionConfigurationPlatforms) = preSolution
		Debug|Any CPU = Debug|Any CPU
		Release|Any CPU = Release|Any CPU
	EndGlobalSection
	GlobalSection(ProjectConfigurationPlatforms) = postSolution
		{9C059AF6-0A1E-4B90-9FCF-1AABE4C378FE}.Debug|Any CPU.ActiveCfg = Debug|Any CPU
		{9C059AF6-0A1E-4B90-9FCF-1AABE4C378FE}.Debug|Any CPU.Build.0 = Debug|Any CPU
		{9C059AF6-0A1E-4B90-9FCF-1AABE4C378FE}.Release|Any CPU.ActiveCfg = Release|Any CPU
		{9C059AF6-0A1E-4B90-9FCF-1AABE4C378FE}.Release|Any CPU.Build.0 = Release|Any CPU
	EndGlobalSection
	GlobalSection(SolutionProperties) = preSolution
		HideSolutionNode = FALSE
	EndGlobalSection
	GlobalSection(ExtensibilityGlobals) = postSolution
		SolutionGuid = {80E99644-5DC1-4714-91C3-3B5283E318BC}
	EndGlobalSection
EndGlobal
